
Microsoft Visual Studio Solution File, Format Version 12.00
# Visual Studio Version 16
VisualStudioVersion = 16.0.31321.278
MinimumVisualStudioVersion = 10.0.40219.1
Project("{9A19103F-16F7-4668-BE54-9A1E7A4F7556}") = "ShapeProcessor", "ShapeProcessor\ShapeProcessor.csproj", "{EB1150BC-B67D-4D1F-AC8A-A8C55D37BB99}"
EndProject
Project("{9A19103F-16F7-4668-BE54-9A1E7A4F7556}") = "ShapeProcessor.Domain", "ShapeProcessor.Domain\ShapeProcessor.Domain.csproj", "{760AF1C6-BE9E-435B-BEAF-F69064FF3751}"
EndProject
Project("{9A19103F-16F7-4668-BE54-9A1E7A4F7556}") = "ShapeProcessor.Tests", "ShapeProcessorTests\ShapeProcessor.Tests.csproj", "{9AC28F2B-3238-4DDE-A695-2D1C9BB5214B}"
EndProject
Project("{FAE04EC0-301F-11D3-BF4B-00C04F79EFBC}") = "ShapesProcessor.Input", "ShapesProcessor.Input\ShapesProcessor.Input.csproj", "{18AA0377-4700-4D95-9AF1-F3764F7BB9FD}"
EndProject
Project("{2150E333-8FDC-42A3-9474-1A3956D46DE8}") = "Tests", "Tests", "{DFEE2D1D-A990-41E5-B06A-3B2FF0554ACC}"
EndProject
Global
	GlobalSection(SolutionConfigurationPlatforms) = preSolution
		Debug|Any CPU = Debug|Any CPU
		Release|Any CPU = Release|Any CPU
	EndGlobalSection
	GlobalSection(ProjectConfigurationPlatforms) = postSolution
		{EB1150BC-B67D-4D1F-AC8A-A8C55D37BB99}.Debug|Any CPU.ActiveCfg = Debug|Any CPU
		{EB1150BC-B67D-4D1F-AC8A-A8C55D37BB99}.Debug|Any CPU.Build.0 = Debug|Any CPU
		{EB1150BC-B67D-4D1F-AC8A-A8C55D37BB99}.Release|Any CPU.ActiveCfg = Release|Any CPU
		{EB1150BC-B67D-4D1F-AC8A-A8C55D37BB99}.Release|Any CPU.Build.0 = Release|Any CPU
		{760AF1C6-BE9E-435B-BEAF-F69064FF3751}.Debug|Any CPU.ActiveCfg = Debug|Any CPU
		{760AF1C6-BE9E-435B-BEAF-F69064FF3751}.Debug|Any CPU.Build.0 = Debug|Any CPU
		{760AF1C6-BE9E-435B-BEAF-F69064FF3751}.Release|Any CPU.ActiveCfg = Release|Any CPU
		{760AF1C6-BE9E-435B-BEAF-F69064FF3751}.Release|Any CPU.Build.0 = Release|Any CPU
		{9AC28F2B-3238-4DDE-A695-2D1C9BB5214B}.Debug|Any CPU.ActiveCfg = Debug|Any CPU
		{9AC28F2B-3238-4DDE-A695-2D1C9BB5214B}.Debug|Any CPU.Build.0 = Debug|Any CPU
		{9AC28F2B-3238-4DDE-A695-2D1C9BB5214B}.Release|Any CPU.ActiveCfg = Release|Any CPU
		{9AC28F2B-3238-4DDE-A695-2D1C9BB5214B}.Release|Any CPU.Build.0 = Release|Any CPU
		{18AA0377-4700-4D95-9AF1-F3764F7BB9FD}.Debug|Any CPU.ActiveCfg = Debug|Any CPU
		{18AA0377-4700-4D95-9AF1-F3764F7BB9FD}.Debug|Any CPU.Build.0 = Debug|Any CPU
		{18AA0377-4700-4D95-9AF1-F3764F7BB9FD}.Release|Any CPU.ActiveCfg = Release|Any CPU
		{18AA0377-4700-4D95-9AF1-F3764F7BB9FD}.Release|Any CPU.Build.0 = Release|Any CPU
	EndGlobalSection
	GlobalSection(SolutionProperties) = preSolution
		HideSolutionNode = FALSE
	EndGlobalSection
	GlobalSection(NestedProjects) = preSolution
		{9AC28F2B-3238-4DDE-A695-2D1C9BB5214B} = {DFEE2D1D-A990-41E5-B06A-3B2FF0554ACC}
	EndGlobalSection
	GlobalSection(ExtensibilityGlobals) = postSolution
		SolutionGuid = {0F5660E0-9F65-43BE-AE08-145F3A579CDD}
	EndGlobalSection
EndGlobal
